<?xml version="1.0" encoding="utf-8"?>
<Project ToolsVersion="4.0" xmlns="http://schemas.microsoft.com/developer/msbuild/2003">
  <ItemGroup>
    <Filter Include="Resource Files">
      <UniqueIdentifier>{67DA6AB6-F800-4c08-8B7A-83BB121AAD01}</UniqueIdentifier>
      <Extensions>rc;ico;cur;bmp;dlg;rc2;rct;bin;rgs;gif;jpg;jpeg;jpe;resx;tiff;tif;png;wav;mfcribbon-ms</Extensions>
    </Filter>
    <Filter Include="Source">
      <UniqueIdentifier>{4FC737F1-C7A5-4376-A066-2A32D752A2FF}</UniqueIdentifier>
      <Extensions>cpp;c;cc;cxx;def;odl;idl;hpj;bat;asm;asmx</Extensions>
    </Filter>
    <Filter Include="Library">
      <UniqueIdentifier>{fb6c77ad-b236-43f6-9531-d1063e63e3d3}</UniqueIdentifier>
    </Filter>
    <Filter Include="Resource Files\Unit">
      <UniqueIdentifier>{f171396f-a1a7-4bdf-b46d-ed849fd3d215}</UniqueIdentifier>
    </Filter>
    <Filter Include="Resource Files\Map">
      <UniqueIdentifier>{2b49052b-e3d3-4056-9785-fceb5aa48e2f}</UniqueIdentifier>
    </Filter>
    <Filter Include="Resource Files\Debug">
      <UniqueIdentifier>{41e64fb5-e7ba-4bbe-ba85-1ab7ab9e7cf2}</UniqueIdentifier>
    </Filter>
    <Filter Include="Header Files">
      <UniqueIdentifier>{83958e80-bb41-49f0-8daf-2bc94c66a3b7}</UniqueIdentifier>
    </Filter>
    <Filter Include="Source\Object">
      <UniqueIdentifier>{375df169-4ba2-471b-b485-610cfc547b2b}</UniqueIdentifier>
    </Filter>
    <Filter Include="Source\Object_Map">
      <UniqueIdentifier>{6e6f20f7-66dc-4c5e-a394-a3ab78056970}</UniqueIdentifier>
    </Filter>
    <Filter Include="Source\Scene">
      <UniqueIdentifier>{d40c39b3-7ae3-47ce-b6e1-d29c96c2357f}</UniqueIdentifier>
    </Filter>
    <Filter Include="Source\Game">
      <UniqueIdentifier>{5cf13dde-d2e0-4661-abb8-e471d50aa528}</UniqueIdentifier>
    </Filter>
    <Filter Include="Source\Object_Unit">
      <UniqueIdentifier>{b77585a1-f2f1-4e59-965e-3553a15b64d0}</UniqueIdentifier>
    </Filter>
    <Filter Include="Source\Utility">
      <UniqueIdentifier>{d03c4b0d-7fcb-49fa-b5e6-9b2e8d4629f1}</UniqueIdentifier>
    </Filter>
  </ItemGroup>
  <ItemGroup>
    <None Include="Resources\Aladdin.json">
      <Filter>Resource Files\Unit</Filter>
    </None>
    <None Include="Resources\block.json">
      <Filter>Resource Files\Unit</Filter>
    </None>
    <None Include="Resources\AgrabahMarket.json">
      <Filter>Resource Files\Map</Filter>
    </None>
    <None Include="Resources\Camel.json">
      <Filter>Resource Files\Unit</Filter>
    </None>
    <None Include="Resources\Peddler.json">
      <Filter>Resource Files\Unit</Filter>
    </None>
    <None Include="Resources\Abu.json">
      <Filter>Resource Files\Unit</Filter>
    </None>
    <None Include="Resources\Genie.json">
      <Filter>Resource Files\Unit</Filter>
    </None>
    <None Include="Resources\Guards.json">
      <Filter>Resource Files\Unit</Filter>
    </None>
    <None Include="Resources\MagicCarpet.json">
      <Filter>Resource Files\Unit</Filter>
    </None>
    <None Include="Resources\Status.json">
      <Filter>Resource Files\Unit</Filter>
    </None>
    <None Include="Resources\Item.json">
      <Filter>Resource Files\Unit</Filter>
    </None>
    <None Include="Resources\EnemyExplosions.json">
      <Filter>Resource Files\Unit</Filter>
    </None>
    <None Include="Resources\CivilianEnemies.json">
      <Filter>Resource Files\Unit</Filter>
    </None>
    <None Include="Resources\Debug.json">
      <Filter>Resource Files\Debug</Filter>
    </None>
    <None Include="ClassDiagram.cd" />
  </ItemGroup>
  <ItemGroup>
    <Image Include="Resources\Aladdin.png">
      <Filter>Resource Files\Unit</Filter>
    </Image>
    <Image Include="Resources\block.png">
      <Filter>Resource Files\Unit</Filter>
    </Image>
    <Image Include="Resources\AgrabahMarket.png">
      <Filter>Resource Files\Map</Filter>
    </Image>
    <Image Include="Resources\Camel.png">
      <Filter>Resource Files\Unit</Filter>
    </Image>
    <Image Include="Resources\Peddler.png">
      <Filter>Resource Files\Unit</Filter>
    </Image>
    <Image Include="Resources\Abu.png">
      <Filter>Resource Files\Unit</Filter>
    </Image>
    <Image Include="Resources\BossJafar.png">
      <Filter>Resource Files\Unit</Filter>
    </Image>
    <Image Include="Resources\Genie.png">
      <Filter>Resource Files\Unit</Filter>
    </Image>
    <Image Include="Resources\Guards.png">
      <Filter>Resource Files\Unit</Filter>
    </Image>
    <Image Include="Resources\MagicCarpet.png">
      <Filter>Resource Files\Unit</Filter>
    </Image>
    <Image Include="Resources\Status.png">
      <Filter>Resource Files\Unit</Filter>
    </Image>
    <Image Include="Resources\Item.png">
      <Filter>Resource Files\Unit</Filter>
    </Image>
    <Image Include="Resources\Iago.png">
      <Filter>Resource Files\Unit</Filter>
    </Image>
    <Image Include="Resources\EnemyExplosions.png">
      <Filter>Resource Files\Unit</Filter>
    </Image>
    <Image Include="Resources\CivilianEnemies.png">
      <Filter>Resource Files\Unit</Filter>
    </Image>
    <Image Include="Resources\Aladdin_Miscellaneous_Cutscenes.png">
      <Filter>Resource Files\Unit</Filter>
    </Image>
    <Image Include="Resources\Debug.png">
      <Filter>Resource Files\Debug</Filter>
    </Image>
  </ItemGroup>
  <ItemGroup>
    <ClInclude Include="Library\json.hpp">
      <Filter>Library</Filter>
    </ClInclude>
    <ClInclude Include="Define.h" />
    <ClInclude Include="Source\Game.h">
      <Filter>Header Files</Filter>
    </ClInclude>
    <ClInclude Include="Source\GameDebug.h">
      <Filter>Header Files</Filter>
    </ClInclude>
    <ClInclude Include="Source\GameGlobal.h">
      <Filter>Header Files</Filter>
    </ClInclude>
    <ClInclude Include="Source\GameTime.h">
      <Filter>Header Files</Filter>
    </ClInclude>
    <ClInclude Include="Source\Object\Object.h">
      <Filter>Header Files</Filter>
    </ClInclude>
    <ClInclude Include="Source\Object\Object_Animation.h">
      <Filter>Header Files</Filter>
    </ClInclude>
    <ClInclude Include="Source\Object\Object_Json.h">
      <Filter>Header Files</Filter>
    </ClInclude>
    <ClInclude Include="Source\Object\Object_SourceRect.h">
      <Filter>Header Files</Filter>
    </ClInclude>
    <ClInclude Include="Source\Object\Object_Texture.h">
      <Filter>Header Files</Filter>
    </ClInclude>
    <ClInclude Include="Source\Object\Object_Transform.h">
      <Filter>Header Files</Filter>
    </ClInclude>
    <ClInclude Include="Source\Scene\Scene.h">
      <Filter>Header Files</Filter>
    </ClInclude>
    <ClInclude Include="Source\Scene_Final\Scene_AgrabahMarket.h">
      <Filter>Header Files</Filter>
    </ClInclude>
    <ClInclude Include="Source\Object_Unit\Object_Unit.h">
      <Filter>Header Files</Filter>
    </ClInclude>
    <ClInclude Include="Source\Object_Map\Object_Map.h">
      <Filter>Header Files</Filter>
    </ClInclude>
    <ClInclude Include="Source\Object_Unit_Final\Object_Unit_Aladdin.h">
      <Filter>Header Files</Filter>
    </ClInclude>
    <ClInclude Include="Source\Object_Map_Final\Object_Map_AgrabahMarket_Back.h">
      <Filter>Header Files</Filter>
    </ClInclude>
    <ClInclude Include="Source\Utility\Vector.h">
      <Filter>Header Files</Filter>
    </ClInclude>
    <ClInclude Include="Source\Utility\Vector_Easing.h">
      <Filter>Header Files</Filter>
    </ClInclude>
    <ClInclude Include="Source\Utility\Float_Easing.h">
      <Filter>Header Files</Filter>
    </ClInclude>
    <ClInclude Include="Source\Scene\Scene_Camera.h">
      <Filter>Header Files</Filter>
    </ClInclude>
  </ItemGroup>
  <ItemGroup>
    <ClCompile Include="Main.cpp" />
    <ClCompile Include="Source\Game.cpp">
      <Filter>Source\Game</Filter>
    </ClCompile>
    <ClCompile Include="Source\GameDebug.cpp">
      <Filter>Source\Game</Filter>
    </ClCompile>
    <ClCompile Include="Source\GameTime.cpp">
      <Filter>Source\Game</Filter>
    </ClCompile>
    <ClCompile Include="Source\Object\Object.cpp">
      <Filter>Source\Object</Filter>
    </ClCompile>
    <ClCompile Include="Source\Object\Object_Animation.cpp">
      <Filter>Source\Object</Filter>
    </ClCompile>
    <ClCompile Include="Source\Object\Object_Json.cpp">
      <Filter>Source\Object</Filter>
    </ClCompile>
    <ClCompile Include="Source\Object\Object_SourceRect.cpp">
      <Filter>Source\Object</Filter>
    </ClCompile>
    <ClCompile Include="Source\Object\Object_Texture.cpp">
      <Filter>Source\Object</Filter>
    </ClCompile>
    <ClCompile Include="Source\Object\Object_Transform.cpp">
      <Filter>Source\Object</Filter>
    </ClCompile>
    <ClCompile Include="Source\Scene\Scene.cpp">
      <Filter>Source\Scene</Filter>
    </ClCompile>
    <ClCompile Include="Source\Scene_Final\Scene_AgrabahMarket.cpp">
      <Filter>Source\Scene</Filter>
    </ClCompile>
    <ClCompile Include="Source\GameGlobal.cpp">
      <Filter>Source\Game</Filter>
    </ClCompile>
    <ClCompile Include="Source\Object_Unit\Object_Unit.cpp">
      <Filter>Source\Object_Unit</Filter>
    </ClCompile>
    <ClCompile Include="Source\Object_Map\Object_Map.cpp">
      <Filter>Source\Object_Map</Filter>
    </ClCompile>
    <ClCompile Include="Source\Object_Unit_Final\Object_Unit_Aladdin.cpp">
      <Filter>Source\Object_Unit</Filter>
    </ClCompile>
    <ClCompile Include="Source\Object_Map_Final\Object_Map_AgrabahMarket_Back.cpp">
      <Filter>Source\Object_Map</Filter>
    </ClCompile>
    <ClCompile Include="Source\Utility\Vector.cpp">
      <Filter>Source\Utility</Filter>
    </ClCompile>
    <ClCompile Include="Source\Utility\Vector_Easing.cpp">
      <Filter>Source\Utility</Filter>
    </ClCompile>
    <ClCompile Include="Source\Utility\Float_Easing.cpp">
      <Filter>Source\Utility</Filter>
    </ClCompile>
    <ClCompile Include="Source\Scene\Scene_Camera.cpp">
      <Filter>Source\Scene</Filter>
    </ClCompile>
  </ItemGroup>
</Project>