<?xml version="1.0" encoding="utf-8"?>
<Project ToolsVersion="4.0" xmlns="http://schemas.microsoft.com/developer/msbuild/2003">
  <ItemGroup>
    <Filter Include="Source Files">
      <UniqueIdentifier>{4FC737F1-C7A5-4376-A066-2A32D752A2FF}</UniqueIdentifier>
      <Extensions>cpp;c;cc;cxx;def;odl;idl;hpj;bat;asm;asmx</Extensions>
    </Filter>
    <Filter Include="Header Files">
      <UniqueIdentifier>{93995380-89BD-4b04-88EB-625FBE52EBFB}</UniqueIdentifier>
      <Extensions>h;hh;hpp;hxx;hm;inl;inc;xsd</Extensions>
    </Filter>
    <Filter Include="Resource Files">
      <UniqueIdentifier>{67DA6AB6-F800-4c08-8B7A-83BB121AAD01}</UniqueIdentifier>
      <Extensions>rc;ico;cur;bmp;dlg;rc2;rct;bin;rgs;gif;jpg;jpeg;jpe;resx;tiff;tif;png;wav;mfcribbon-ms</Extensions>
    </Filter>
  </ItemGroup>
  <ItemGroup>
    <ClCompile Include="Main.cpp">
      <Filter>Source Files</Filter>
    </ClCompile>
    <ClCompile Include="GameComponents\Game\Game.cpp">
      <Filter>Source Files</Filter>
    </ClCompile>
    <ClCompile Include="GameComponents\Sprite\Sprite.cpp">
      <Filter>Source Files</Filter>
    </ClCompile>
    <ClCompile Include="GameControllers\SceneManager\SceneManager.cpp">
      <Filter>Source Files</Filter>
    </ClCompile>
    <ClCompile Include="GameComponents\Game\GameTime.cpp">
      <Filter>Source Files</Filter>
    </ClCompile>
    <ClCompile Include="GameComponents\Game\GameGlobal.cpp">
      <Filter>Source Files</Filter>
    </ClCompile>
    <ClCompile Include="GameComponents\Node\Unit.cpp">
      <Filter>Source Files</Filter>
    </ClCompile>
    <ClCompile Include="GameComponents\Node\Node.cpp">
      <Filter>Source Files</Filter>
    </ClCompile>
    <ClCompile Include="GameComponents\Node\Nodes\Aladdin.cpp">
      <Filter>Source Files</Filter>
    </ClCompile>
  </ItemGroup>
  <ItemGroup>
    <ClInclude Include="GameComponents\Game\Game.h">
      <Filter>Header Files</Filter>
    </ClInclude>
    <ClInclude Include="GameComponents\Game\GameGlobal.h">
      <Filter>Header Files</Filter>
    </ClInclude>
    <ClInclude Include="GameComponents\Game\GameTime.h">
      <Filter>Header Files</Filter>
    </ClInclude>
    <ClInclude Include="GameComponents\Scene\Scene.h">
      <Filter>Header Files</Filter>
    </ClInclude>
    <ClInclude Include="GameComponents\Sprite\Sprite.h">
      <Filter>Header Files</Filter>
    </ClInclude>
    <ClInclude Include="Include\rapidjson\error\en.h">
      <Filter>Header Files</Filter>
    </ClInclude>
    <ClInclude Include="Include\rapidjson\error\error.h">
      <Filter>Header Files</Filter>
    </ClInclude>
    <ClInclude Include="Include\rapidjson\internal\biginteger.h">
      <Filter>Header Files</Filter>
    </ClInclude>
    <ClInclude Include="Include\rapidjson\internal\diyfp.h">
      <Filter>Header Files</Filter>
    </ClInclude>
    <ClInclude Include="Include\rapidjson\internal\dtoa.h">
      <Filter>Header Files</Filter>
    </ClInclude>
    <ClInclude Include="Include\rapidjson\internal\ieee754.h">
      <Filter>Header Files</Filter>
    </ClInclude>
    <ClInclude Include="Include\rapidjson\internal\itoa.h">
      <Filter>Header Files</Filter>
    </ClInclude>
    <ClInclude Include="Include\rapidjson\internal\meta.h">
      <Filter>Header Files</Filter>
    </ClInclude>
    <ClInclude Include="Include\rapidjson\internal\pow10.h">
      <Filter>Header Files</Filter>
    </ClInclude>
    <ClInclude Include="Include\rapidjson\internal\regex.h">
      <Filter>Header Files</Filter>
    </ClInclude>
    <ClInclude Include="Include\rapidjson\internal\stack.h">
      <Filter>Header Files</Filter>
    </ClInclude>
    <ClInclude Include="Include\rapidjson\internal\strfunc.h">
      <Filter>Header Files</Filter>
    </ClInclude>
    <ClInclude Include="Include\rapidjson\internal\strtod.h">
      <Filter>Header Files</Filter>
    </ClInclude>
    <ClInclude Include="Include\rapidjson\internal\swap.h">
      <Filter>Header Files</Filter>
    </ClInclude>
    <ClInclude Include="Include\rapidjson\msinttypes\inttypes.h">
      <Filter>Header Files</Filter>
    </ClInclude>
    <ClInclude Include="Include\rapidjson\msinttypes\stdint.h">
      <Filter>Header Files</Filter>
    </ClInclude>
    <ClInclude Include="Include\rapidjson\allocators.h">
      <Filter>Header Files</Filter>
    </ClInclude>
    <ClInclude Include="Include\rapidjson\document.h">
      <Filter>Header Files</Filter>
    </ClInclude>
    <ClInclude Include="Include\rapidjson\encodedstream.h">
      <Filter>Header Files</Filter>
    </ClInclude>
    <ClInclude Include="Include\rapidjson\encodings.h">
      <Filter>Header Files</Filter>
    </ClInclude>
    <ClInclude Include="Include\rapidjson\filereadstream.h">
      <Filter>Header Files</Filter>
    </ClInclude>
    <ClInclude Include="Include\rapidjson\filewritestream.h">
      <Filter>Header Files</Filter>
    </ClInclude>
    <ClInclude Include="Include\rapidjson\fwd.h">
      <Filter>Header Files</Filter>
    </ClInclude>
    <ClInclude Include="Include\rapidjson\istreamwrapper.h">
      <Filter>Header Files</Filter>
    </ClInclude>
    <ClInclude Include="Include\rapidjson\memorybuffer.h">
      <Filter>Header Files</Filter>
    </ClInclude>
    <ClInclude Include="Include\rapidjson\memorystream.h">
      <Filter>Header Files</Filter>
    </ClInclude>
    <ClInclude Include="Include\rapidjson\ostreamwrapper.h">
      <Filter>Header Files</Filter>
    </ClInclude>
    <ClInclude Include="Include\rapidjson\pointer.h">
      <Filter>Header Files</Filter>
    </ClInclude>
    <ClInclude Include="Include\rapidjson\prettywriter.h">
      <Filter>Header Files</Filter>
    </ClInclude>
    <ClInclude Include="Include\rapidjson\rapidjson.h">
      <Filter>Header Files</Filter>
    </ClInclude>
    <ClInclude Include="Include\rapidjson\reader.h">
      <Filter>Header Files</Filter>
    </ClInclude>
    <ClInclude Include="Include\rapidjson\schema.h">
      <Filter>Header Files</Filter>
    </ClInclude>
    <ClInclude Include="Include\rapidjson\stream.h">
      <Filter>Header Files</Filter>
    </ClInclude>
    <ClInclude Include="Include\rapidjson\stringbuffer.h">
      <Filter>Header Files</Filter>
    </ClInclude>
    <ClInclude Include="Include\rapidjson\writer.h">
      <Filter>Header Files</Filter>
    </ClInclude>
    <ClInclude Include="Include\json.hpp">
      <Filter>Header Files</Filter>
    </ClInclude>
    <ClInclude Include="GameControllers\SceneManager\SceneManager.h">
      <Filter>Header Files</Filter>
    </ClInclude>
    <ClInclude Include="GameComponents\Node\Node.h">
      <Filter>Header Files</Filter>
    </ClInclude>
    <ClInclude Include="GameComponents\Node\Unit.h">
      <Filter>Header Files</Filter>
    </ClInclude>
    <ClInclude Include="GameComponents\Node\Nodes\Aladdin.h">
      <Filter>Header Files</Filter>
    </ClInclude>
    <ClInclude Include="GameComponents\Scene\Scenes\AgrabahMarket.h">
      <Filter>Header Files</Filter>
    </ClInclude>
  </ItemGroup>
  <ItemGroup>
    <Image Include="Resources\Sprite\questblock.png">
      <Filter>Resource Files</Filter>
    </Image>
    <Image Include="Resources\Sprite\alad.png">
      <Filter>Resource Files</Filter>
    </Image>
    <Image Include="Resources\Sprite\Block\block.png">
      <Filter>Resource Files</Filter>
    </Image>
    <Image Include="Resources\Sprite\Aladdin\Aladdin.png">
      <Filter>Resource Files</Filter>
    </Image>
    <Image Include="Resources\Map\Agrabah Market.png">
      <Filter>Resource Files</Filter>
    </Image>
  </ItemGroup>
  <ItemGroup>
    <None Include="Resources\Sprite\Aladdin\Aladdin.json" />
    <None Include="Resources\Sprite\Block\block.json" />
    <None Include="ClassDiagram.cd" />
  </ItemGroup>
</Project>