<?xml version="1.0" encoding="utf-8"?>
<Project ToolsVersion="4.0" xmlns="http://schemas.microsoft.com/developer/msbuild/2003">
  <ItemGroup>
    <Filter Include="Resource Files">
      <UniqueIdentifier>{67DA6AB6-F800-4c08-8B7A-83BB121AAD01}</UniqueIdentifier>
      <Extensions>rc;ico;cur;bmp;dlg;rc2;rct;bin;rgs;gif;jpg;jpeg;jpe;resx;tiff;tif;png;wav;mfcribbon-ms</Extensions>
    </Filter>
    <Filter Include="Source">
      <UniqueIdentifier>{4FC737F1-C7A5-4376-A066-2A32D752A2FF}</UniqueIdentifier>
      <Extensions>cpp;c;cc;cxx;def;odl;idl;hpj;bat;asm;asmx</Extensions>
    </Filter>
    <Filter Include="Source\Game">
      <UniqueIdentifier>{55d6415e-d90c-40d5-87d4-9e0c4f21d508}</UniqueIdentifier>
    </Filter>
    <Filter Include="Source\Unit">
      <UniqueIdentifier>{32ea69ab-a833-4481-992a-af8ded9ffbb5}</UniqueIdentifier>
    </Filter>
    <Filter Include="Source\Scene">
      <UniqueIdentifier>{6c02cc3d-736c-4289-8d76-1db7f06b3225}</UniqueIdentifier>
    </Filter>
    <Filter Include="Source\Scene\FinalScene">
      <UniqueIdentifier>{bf814ab8-6a5c-4d0f-8ee4-60076cd2ea21}</UniqueIdentifier>
    </Filter>
    <Filter Include="Source\nUnit">
      <UniqueIdentifier>{a5dd13c7-86e2-48e4-9192-eb2e69c94320}</UniqueIdentifier>
    </Filter>
    <Filter Include="Library">
      <UniqueIdentifier>{fb6c77ad-b236-43f6-9531-d1063e63e3d3}</UniqueIdentifier>
    </Filter>
  </ItemGroup>
  <ItemGroup>
    <None Include="Resources\block.json">
      <Filter>Resource Files</Filter>
    </None>
    <None Include="Resources\Aladdin.json">
      <Filter>Resource Files</Filter>
    </None>
    <None Include="Resources\Aladdin.n.json">
      <Filter>Resource Files</Filter>
    </None>
  </ItemGroup>
  <ItemGroup>
    <Image Include="Resources\AgrabahMarket.png">
      <Filter>Resource Files</Filter>
    </Image>
    <Image Include="Resources\Aladdin.png">
      <Filter>Resource Files</Filter>
    </Image>
    <Image Include="Resources\block.png">
      <Filter>Resource Files</Filter>
    </Image>
  </ItemGroup>
  <ItemGroup>
    <ClInclude Include="Source\Game.h">
      <Filter>Source\Game</Filter>
    </ClInclude>
    <ClInclude Include="Source\GameGlobal.h">
      <Filter>Source\Game</Filter>
    </ClInclude>
    <ClInclude Include="Source\GameTime.h">
      <Filter>Source\Game</Filter>
    </ClInclude>
    <ClInclude Include="Source\Aladdin.h">
      <Filter>Source\Unit</Filter>
    </ClInclude>
    <ClInclude Include="Source\Scene.h">
      <Filter>Source\Scene</Filter>
    </ClInclude>
    <ClInclude Include="Source\SceneManager.h">
      <Filter>Source\Scene</Filter>
    </ClInclude>
    <ClInclude Include="Source\Node.h">
      <Filter>Source\Unit</Filter>
    </ClInclude>
    <ClInclude Include="Source\Sprite.h">
      <Filter>Source\Unit</Filter>
    </ClInclude>
    <ClInclude Include="Source\Unit.h">
      <Filter>Source\Unit</Filter>
    </ClInclude>
    <ClInclude Include="Source\Scene_AgrabahMarket.h">
      <Filter>Source\Scene\FinalScene</Filter>
    </ClInclude>
    <ClInclude Include="Source\nUnit.h">
      <Filter>Source\nUnit</Filter>
    </ClInclude>
    <ClInclude Include="Library\json.hpp">
      <Filter>Library</Filter>
    </ClInclude>
    <ClInclude Include="Source\Unit_Texture.h">
      <Filter>Source\nUnit</Filter>
    </ClInclude>
  </ItemGroup>
  <ItemGroup>
    <ClCompile Include="Main.cpp">
      <Filter>Source</Filter>
    </ClCompile>
    <ClCompile Include="Source\Game.cpp">
      <Filter>Source\Game</Filter>
    </ClCompile>
    <ClCompile Include="Source\GameGlobal.cpp">
      <Filter>Source\Game</Filter>
    </ClCompile>
    <ClCompile Include="Source\GameTime.cpp">
      <Filter>Source\Game</Filter>
    </ClCompile>
    <ClCompile Include="Source\Aladdin.cpp">
      <Filter>Source\Unit</Filter>
    </ClCompile>
    <ClCompile Include="Source\SceneManager.cpp">
      <Filter>Source\Scene</Filter>
    </ClCompile>
    <ClCompile Include="Source\Node.cpp">
      <Filter>Source\Unit</Filter>
    </ClCompile>
    <ClCompile Include="Source\Sprite.cpp">
      <Filter>Source\Unit</Filter>
    </ClCompile>
    <ClCompile Include="Source\Unit.cpp">
      <Filter>Source\Unit</Filter>
    </ClCompile>
    <ClCompile Include="Source\GameLog.h">
      <Filter>Source\Game</Filter>
    </ClCompile>
    <ClCompile Include="Source\Unit_SourceRect.h">
      <Filter>Source\nUnit</Filter>
    </ClCompile>
    <ClCompile Include="Source\Unit_Transform.h">
      <Filter>Source\nUnit</Filter>
    </ClCompile>
    <ClCompile Include="Source\Unit_Animation.h">
      <Filter>Source\nUnit</Filter>
    </ClCompile>
  </ItemGroup>
</Project>